
Microsoft Visual Studio Solution File, Format Version 12.00
# Visual Studio Version 17
VisualStudioVersion = 17.12.35707.178
MinimumVisualStudioVersion = 10.0.40219.1
Project("{FAE04EC0-301F-11D3-BF4B-00C04F79EFBC}") = "SkillForge", "SkillForge\SkillForge\SkillForge.csproj", "{BB97B00F-8485-48A4-9C47-0FC1052830FD}"
EndProject
Project("{FAE04EC0-301F-11D3-BF4B-00C04F79EFBC}") = "SkillForge.Client", "SkillForge\SkillForge.Client\SkillForge.Client.csproj", "{54B93CC2-DCAE-47B0-9C97-17E74E568C76}"
EndProject
Project("{FAE04EC0-301F-11D3-BF4B-00C04F79EFBC}") = "SkillForge.Data", "SkillForge.Data\SkillForge.Data.csproj", "{1AEEFE9C-984F-4044-8078-5D639C1B7472}"
EndProject
Project("{FAE04EC0-301F-11D3-BF4B-00C04F79EFBC}") = "SkillForge.Core", "SkillForge.Core\SkillForge.Core.csproj", "{4912A477-31C8-4DD9-9138-7A43D8E9E282}"
EndProject
Global
	GlobalSection(SolutionConfigurationPlatforms) = preSolution
		Debug|Any CPU = Debug|Any CPU
		Release|Any CPU = Release|Any CPU
	EndGlobalSection
	GlobalSection(ProjectConfigurationPlatforms) = postSolution
		{BB97B00F-8485-48A4-9C47-0FC1052830FD}.Debug|Any CPU.ActiveCfg = Debug|Any CPU
		{BB97B00F-8485-48A4-9C47-0FC1052830FD}.Debug|Any CPU.Build.0 = Debug|Any CPU
		{BB97B00F-8485-48A4-9C47-0FC1052830FD}.Release|Any CPU.ActiveCfg = Release|Any CPU
		{BB97B00F-8485-48A4-9C47-0FC1052830FD}.Release|Any CPU.Build.0 = Release|Any CPU
		{54B93CC2-DCAE-47B0-9C97-17E74E568C76}.Debug|Any CPU.ActiveCfg = Debug|Any CPU
		{54B93CC2-DCAE-47B0-9C97-17E74E568C76}.Debug|Any CPU.Build.0 = Debug|Any CPU
		{54B93CC2-DCAE-47B0-9C97-17E74E568C76}.Release|Any CPU.ActiveCfg = Release|Any CPU
		{54B93CC2-DCAE-47B0-9C97-17E74E568C76}.Release|Any CPU.Build.0 = Release|Any CPU
		{1AEEFE9C-984F-4044-8078-5D639C1B7472}.Debug|Any CPU.ActiveCfg = Debug|Any CPU
		{1AEEFE9C-984F-4044-8078-5D639C1B7472}.Debug|Any CPU.Build.0 = Debug|Any CPU
		{1AEEFE9C-984F-4044-8078-5D639C1B7472}.Release|Any CPU.ActiveCfg = Release|Any CPU
		{1AEEFE9C-984F-4044-8078-5D639C1B7472}.Release|Any CPU.Build.0 = Release|Any CPU
		{4912A477-31C8-4DD9-9138-7A43D8E9E282}.Debug|Any CPU.ActiveCfg = Debug|Any CPU
		{4912A477-31C8-4DD9-9138-7A43D8E9E282}.Debug|Any CPU.Build.0 = Debug|Any CPU
		{4912A477-31C8-4DD9-9138-7A43D8E9E282}.Release|Any CPU.ActiveCfg = Release|Any CPU
		{4912A477-31C8-4DD9-9138-7A43D8E9E282}.Release|Any CPU.Build.0 = Release|Any CPU
	EndGlobalSection
	GlobalSection(SolutionProperties) = preSolution
		HideSolutionNode = FALSE
	EndGlobalSection
	GlobalSection(ExtensibilityGlobals) = postSolution
		SolutionGuid = {8E13AAF9-DD4E-4F76-A4D6-7D4478DC9E41}
	EndGlobalSection
EndGlobal
